
Microsoft Visual Studio Solution File, Format Version 12.00
Project("{FAE04EC0-301F-11D3-BF4B-00C04F79EFBC}") = "ExpenseExplorer.API", "src\ExpenseExplorer.API\ExpenseExplorer.API.csproj", "{022DC1F1-789B-4794-BF36-163F17BA4756}"
EndProject
Project("{2150E333-8FDC-42A3-9474-1A3956D46DE8}") = "src", "src", "{5DBCD355-1A12-4923-9EA3-BBD32B53AF4B}"
	ProjectSection(SolutionItems) = preProject
		src\Directory.Build.props = src\Directory.Build.props
	EndProjectSection
EndProject
Project("{2150E333-8FDC-42A3-9474-1A3956D46DE8}") = "tests", "tests", "{74FEB020-4690-4D99-A72F-BCE3EA8953F9}"
	ProjectSection(SolutionItems) = preProject
		tests\.editorconfig = tests\.editorconfig
		tests\Directory.Build.props = tests\Directory.Build.props
	EndProjectSection
EndProject
Project("{FAE04EC0-301F-11D3-BF4B-00C04F79EFBC}") = "ExpenseExplorer.API.Tests", "tests\ExpenseExplorer.API.Tests\ExpenseExplorer.API.Tests.csproj", "{3E71719D-8754-4CF2-BF3B-F1C48FD1BEEB}"
EndProject
Project("{2150E333-8FDC-42A3-9474-1A3956D46DE8}") = "http", "http", "{9FD21FFE-F893-4946-B156-C2103ED6C240}"
	ProjectSection(SolutionItems) = preProject
		res\http\ExpenseExplorer.API.http = res\http\ExpenseExplorer.API.http
	EndProjectSection
EndProject
Project("{FAE04EC0-301F-11D3-BF4B-00C04F79EFBC}") = "ExpenseExplorer.API.Contract", "src\ExpenseExplorer.API.Contract\ExpenseExplorer.API.Contract.csproj", "{F6E7DF79-D16C-46F4-9871-65567C729E5D}"
EndProject
Project("{FAE04EC0-301F-11D3-BF4B-00C04F79EFBC}") = "ExpenseExplorer.Application.Tests", "tests\ExpenseExplorer.Application.Tests\ExpenseExplorer.Application.Tests.csproj", "{7BC62475-A87E-4533-AC02-5F6A74BFBF1C}"
EndProject
Project("{FAE04EC0-301F-11D3-BF4B-00C04F79EFBC}") = "ExpenseExplorer.Application", "src\ExpenseExplorer.Application\ExpenseExplorer.Application.csproj", "{1E970A66-8A9B-4CA6-9B84-5E639FBAB9EF}"
EndProject
Project("{FAE04EC0-301F-11D3-BF4B-00C04F79EFBC}") = "ExpenseExplorer.Domain.Tests", "tests\ExpenseExplorer.Domain.Tests\ExpenseExplorer.Domain.Tests.csproj", "{9B5B200B-C28C-4C74-A291-0316224FF4B3}"
EndProject
Project("{FAE04EC0-301F-11D3-BF4B-00C04F79EFBC}") = "ExpenseExplorer.Domain", "src\ExpenseExplorer.Domain\ExpenseExplorer.Domain.csproj", "{F3A96BEE-07CA-4500-AA29-0A6DAD93C706}"
EndProject
Project("{FAE04EC0-301F-11D3-BF4B-00C04F79EFBC}") = "ExpenseExplorer.Tests.Common", "tests\shared\ExpenseExplorer.Tests.Common\ExpenseExplorer.Tests.Common.csproj", "{CAD8EEE1-446A-46C9-9109-18DBC60EB38D}"
EndProject
Project("{2150E333-8FDC-42A3-9474-1A3956D46DE8}") = "shared", "shared", "{B42E0D8F-9456-40A6-8E43-3A07209E5D40}"
	ProjectSection(SolutionItems) = preProject
		tests\shared\Directory.Build.props = tests\shared\Directory.Build.props
	EndProjectSection
EndProject
Project("{2150E333-8FDC-42A3-9474-1A3956D46DE8}") = "solution", "solution", "{E2227429-4E8C-4B1A-8E99-E59392779B0A}"
	ProjectSection(SolutionItems) = preProject
		.editorconfig = .editorconfig
		build.sh = build.sh
		README.md = README.md
		run.sh = run.sh
		.gitignore = .gitignore
	EndProjectSection
EndProject
Project("{FAE04EC0-301F-11D3-BF4B-00C04F79EFBC}") = "ExpenseExplorer.Infrastructure", "src\ExpenseExplorer.Infrastructure\ExpenseExplorer.Infrastructure.csproj", "{25FC5C57-0753-419C-97C4-A57D626010B3}"
EndProject
Project("{2150E333-8FDC-42A3-9474-1A3956D46DE8}") = "res", "res", "{6AF97930-820B-407C-824D-C1DE857832EE}"
EndProject
Project("{2150E333-8FDC-42A3-9474-1A3956D46DE8}") = "eventstore", "eventstore", "{8BFB1981-0F8F-418B-95F3-CBD5E5D38B55}"
	ProjectSection(SolutionItems) = preProject
		res\eventstore\docker-compose.yaml = res\eventstore\docker-compose.yaml
	EndProjectSection
EndProject
Project("{FAE04EC0-301F-11D3-BF4B-00C04F79EFBC}") = "CommandHub", "src\CommandHub\CommandHub.csproj", "{7195F7AF-F743-41B1-B491-009FBD586049}"
EndProject
Project("{2150E333-8FDC-42A3-9474-1A3956D46DE8}") = "shared", "shared", "{D6D2E4BD-EC45-49DE-B202-C4E1408BB024}"
EndProject
Project("{FAE04EC0-301F-11D3-BF4B-00C04F79EFBC}") = "CommandHub.DependencyInjection", "src\CommandHub.DependencyInjection\CommandHub.DependencyInjection.csproj", "{0E110C70-4217-4D92-AFB2-5327C3B95F7E}"
EndProject
Project("{FAE04EC0-301F-11D3-BF4B-00C04F79EFBC}") = "ExpenseExplorer.API.Tests.Integration", "tests\ExpenseExplorer.API.Tests.Integration\ExpenseExplorer.API.Tests.Integration.csproj", "{F569D1F7-3269-43B8-8C2E-BC28333BF885}"
EndProject
Global
	GlobalSection(SolutionConfigurationPlatforms) = preSolution
		Debug|Any CPU = Debug|Any CPU
		Release|Any CPU = Release|Any CPU
	EndGlobalSection
	GlobalSection(ProjectConfigurationPlatforms) = postSolution
		{022DC1F1-789B-4794-BF36-163F17BA4756}.Debug|Any CPU.ActiveCfg = Debug|Any CPU
		{022DC1F1-789B-4794-BF36-163F17BA4756}.Debug|Any CPU.Build.0 = Debug|Any CPU
		{022DC1F1-789B-4794-BF36-163F17BA4756}.Release|Any CPU.ActiveCfg = Release|Any CPU
		{022DC1F1-789B-4794-BF36-163F17BA4756}.Release|Any CPU.Build.0 = Release|Any CPU
		{3E71719D-8754-4CF2-BF3B-F1C48FD1BEEB}.Debug|Any CPU.ActiveCfg = Debug|Any CPU
		{3E71719D-8754-4CF2-BF3B-F1C48FD1BEEB}.Debug|Any CPU.Build.0 = Debug|Any CPU
		{3E71719D-8754-4CF2-BF3B-F1C48FD1BEEB}.Release|Any CPU.ActiveCfg = Release|Any CPU
		{3E71719D-8754-4CF2-BF3B-F1C48FD1BEEB}.Release|Any CPU.Build.0 = Release|Any CPU
		{F6E7DF79-D16C-46F4-9871-65567C729E5D}.Debug|Any CPU.ActiveCfg = Debug|Any CPU
		{F6E7DF79-D16C-46F4-9871-65567C729E5D}.Debug|Any CPU.Build.0 = Debug|Any CPU
		{F6E7DF79-D16C-46F4-9871-65567C729E5D}.Release|Any CPU.ActiveCfg = Release|Any CPU
		{F6E7DF79-D16C-46F4-9871-65567C729E5D}.Release|Any CPU.Build.0 = Release|Any CPU
		{7BC62475-A87E-4533-AC02-5F6A74BFBF1C}.Debug|Any CPU.ActiveCfg = Debug|Any CPU
		{7BC62475-A87E-4533-AC02-5F6A74BFBF1C}.Debug|Any CPU.Build.0 = Debug|Any CPU
		{7BC62475-A87E-4533-AC02-5F6A74BFBF1C}.Release|Any CPU.ActiveCfg = Release|Any CPU
		{7BC62475-A87E-4533-AC02-5F6A74BFBF1C}.Release|Any CPU.Build.0 = Release|Any CPU
		{1E970A66-8A9B-4CA6-9B84-5E639FBAB9EF}.Debug|Any CPU.ActiveCfg = Debug|Any CPU
		{1E970A66-8A9B-4CA6-9B84-5E639FBAB9EF}.Debug|Any CPU.Build.0 = Debug|Any CPU
		{1E970A66-8A9B-4CA6-9B84-5E639FBAB9EF}.Release|Any CPU.ActiveCfg = Release|Any CPU
		{1E970A66-8A9B-4CA6-9B84-5E639FBAB9EF}.Release|Any CPU.Build.0 = Release|Any CPU
		{9B5B200B-C28C-4C74-A291-0316224FF4B3}.Debug|Any CPU.ActiveCfg = Debug|Any CPU
		{9B5B200B-C28C-4C74-A291-0316224FF4B3}.Debug|Any CPU.Build.0 = Debug|Any CPU
		{9B5B200B-C28C-4C74-A291-0316224FF4B3}.Release|Any CPU.ActiveCfg = Release|Any CPU
		{9B5B200B-C28C-4C74-A291-0316224FF4B3}.Release|Any CPU.Build.0 = Release|Any CPU
		{F3A96BEE-07CA-4500-AA29-0A6DAD93C706}.Debug|Any CPU.ActiveCfg = Debug|Any CPU
		{F3A96BEE-07CA-4500-AA29-0A6DAD93C706}.Debug|Any CPU.Build.0 = Debug|Any CPU
		{F3A96BEE-07CA-4500-AA29-0A6DAD93C706}.Release|Any CPU.ActiveCfg = Release|Any CPU
		{F3A96BEE-07CA-4500-AA29-0A6DAD93C706}.Release|Any CPU.Build.0 = Release|Any CPU
		{CAD8EEE1-446A-46C9-9109-18DBC60EB38D}.Debug|Any CPU.ActiveCfg = Debug|Any CPU
		{CAD8EEE1-446A-46C9-9109-18DBC60EB38D}.Debug|Any CPU.Build.0 = Debug|Any CPU
		{CAD8EEE1-446A-46C9-9109-18DBC60EB38D}.Release|Any CPU.ActiveCfg = Release|Any CPU
		{CAD8EEE1-446A-46C9-9109-18DBC60EB38D}.Release|Any CPU.Build.0 = Release|Any CPU
		{25FC5C57-0753-419C-97C4-A57D626010B3}.Debug|Any CPU.ActiveCfg = Debug|Any CPU
		{25FC5C57-0753-419C-97C4-A57D626010B3}.Debug|Any CPU.Build.0 = Debug|Any CPU
		{25FC5C57-0753-419C-97C4-A57D626010B3}.Release|Any CPU.ActiveCfg = Release|Any CPU
		{25FC5C57-0753-419C-97C4-A57D626010B3}.Release|Any CPU.Build.0 = Release|Any CPU
		{7195F7AF-F743-41B1-B491-009FBD586049}.Debug|Any CPU.ActiveCfg = Debug|Any CPU
		{7195F7AF-F743-41B1-B491-009FBD586049}.Debug|Any CPU.Build.0 = Debug|Any CPU
		{7195F7AF-F743-41B1-B491-009FBD586049}.Release|Any CPU.ActiveCfg = Release|Any CPU
		{7195F7AF-F743-41B1-B491-009FBD586049}.Release|Any CPU.Build.0 = Release|Any CPU
		{0E110C70-4217-4D92-AFB2-5327C3B95F7E}.Debug|Any CPU.ActiveCfg = Debug|Any CPU
		{0E110C70-4217-4D92-AFB2-5327C3B95F7E}.Debug|Any CPU.Build.0 = Debug|Any CPU
		{0E110C70-4217-4D92-AFB2-5327C3B95F7E}.Release|Any CPU.ActiveCfg = Release|Any CPU
		{0E110C70-4217-4D92-AFB2-5327C3B95F7E}.Release|Any CPU.Build.0 = Release|Any CPU
		{F569D1F7-3269-43B8-8C2E-BC28333BF885}.Debug|Any CPU.ActiveCfg = Debug|Any CPU
		{F569D1F7-3269-43B8-8C2E-BC28333BF885}.Debug|Any CPU.Build.0 = Debug|Any CPU
		{F569D1F7-3269-43B8-8C2E-BC28333BF885}.Release|Any CPU.ActiveCfg = Release|Any CPU
		{F569D1F7-3269-43B8-8C2E-BC28333BF885}.Release|Any CPU.Build.0 = Release|Any CPU
	EndGlobalSection
	GlobalSection(NestedProjects) = preSolution
		{022DC1F1-789B-4794-BF36-163F17BA4756} = {5DBCD355-1A12-4923-9EA3-BBD32B53AF4B}
		{3E71719D-8754-4CF2-BF3B-F1C48FD1BEEB} = {74FEB020-4690-4D99-A72F-BCE3EA8953F9}
		{F6E7DF79-D16C-46F4-9871-65567C729E5D} = {5DBCD355-1A12-4923-9EA3-BBD32B53AF4B}
		{7BC62475-A87E-4533-AC02-5F6A74BFBF1C} = {74FEB020-4690-4D99-A72F-BCE3EA8953F9}
		{1E970A66-8A9B-4CA6-9B84-5E639FBAB9EF} = {5DBCD355-1A12-4923-9EA3-BBD32B53AF4B}
		{9B5B200B-C28C-4C74-A291-0316224FF4B3} = {74FEB020-4690-4D99-A72F-BCE3EA8953F9}
		{F3A96BEE-07CA-4500-AA29-0A6DAD93C706} = {5DBCD355-1A12-4923-9EA3-BBD32B53AF4B}
		{B42E0D8F-9456-40A6-8E43-3A07209E5D40} = {74FEB020-4690-4D99-A72F-BCE3EA8953F9}
		{CAD8EEE1-446A-46C9-9109-18DBC60EB38D} = {B42E0D8F-9456-40A6-8E43-3A07209E5D40}
		{25FC5C57-0753-419C-97C4-A57D626010B3} = {5DBCD355-1A12-4923-9EA3-BBD32B53AF4B}
		{8BFB1981-0F8F-418B-95F3-CBD5E5D38B55} = {6AF97930-820B-407C-824D-C1DE857832EE}
		{9FD21FFE-F893-4946-B156-C2103ED6C240} = {E2227429-4E8C-4B1A-8E99-E59392779B0A}
		{6AF97930-820B-407C-824D-C1DE857832EE} = {E2227429-4E8C-4B1A-8E99-E59392779B0A}
		{D6D2E4BD-EC45-49DE-B202-C4E1408BB024} = {5DBCD355-1A12-4923-9EA3-BBD32B53AF4B}
		{7195F7AF-F743-41B1-B491-009FBD586049} = {D6D2E4BD-EC45-49DE-B202-C4E1408BB024}
		{0E110C70-4217-4D92-AFB2-5327C3B95F7E} = {D6D2E4BD-EC45-49DE-B202-C4E1408BB024}
		{F569D1F7-3269-43B8-8C2E-BC28333BF885} = {74FEB020-4690-4D99-A72F-BCE3EA8953F9}
	EndGlobalSection
EndGlobal
