
Microsoft Visual Studio Solution File, Format Version 12.00
Project("{FAE04EC0-301F-11D3-BF4B-00C04F79EFBC}") = "ExpenseExplorer.Domain", "src\ExpenseExplorer.Domain\ExpenseExplorer.Domain.csproj", "{59E2F27F-5EAC-40C1-A97E-8487E441430C}"
EndProject
Project("{2150E333-8FDC-42A3-9474-1A3956D46DE8}") = "src", "src", "{03F25C6B-7635-4E8E-B24D-72279F8F20BF}"
EndProject
Global
	GlobalSection(SolutionConfigurationPlatforms) = preSolution
		Debug|Any CPU = Debug|Any CPU
		Release|Any CPU = Release|Any CPU
	EndGlobalSection
	GlobalSection(ProjectConfigurationPlatforms) = postSolution
		{59E2F27F-5EAC-40C1-A97E-8487E441430C}.Debug|Any CPU.ActiveCfg = Debug|Any CPU
		{59E2F27F-5EAC-40C1-A97E-8487E441430C}.Debug|Any CPU.Build.0 = Debug|Any CPU
		{59E2F27F-5EAC-40C1-A97E-8487E441430C}.Release|Any CPU.ActiveCfg = Release|Any CPU
		{59E2F27F-5EAC-40C1-A97E-8487E441430C}.Release|Any CPU.Build.0 = Release|Any CPU
	EndGlobalSection
	GlobalSection(NestedProjects) = preSolution
		{59E2F27F-5EAC-40C1-A97E-8487E441430C} = {03F25C6B-7635-4E8E-B24D-72279F8F20BF}
	EndGlobalSection
EndGlobal
